
Microsoft Visual Studio Solution File, Format Version 12.00
# Visual Studio Version 17
VisualStudioVersion = 17.0.31903.59
MinimumVisualStudioVersion = 10.0.40219.1
Project("{9A19103F-16F7-4668-BE54-9A1E7A4F7556}") = "API", "API\API.csproj", "{6032EFFE-B8AC-4B41-B8D8-11DF8CD45C6D}"
EndProject
Project("{9A19103F-16F7-4668-BE54-9A1E7A4F7556}") = "Core", "Core\Core.csproj", "{5DED78FB-4BEE-411F-BB69-F0A1D052F4B7}"
EndProject
Project("{9A19103F-16F7-4668-BE54-9A1E7A4F7556}") = "Infrastructure", "Infrastructure\Infrastructure.csproj", "{4E6A0C89-7FC6-46AD-9578-54CEA6E1180D}"
EndProject
Global
	GlobalSection(SolutionConfigurationPlatforms) = preSolution
		Debug|Any CPU = Debug|Any CPU
		Release|Any CPU = Release|Any CPU
	EndGlobalSection
	GlobalSection(ProjectConfigurationPlatforms) = postSolution
		{6032EFFE-B8AC-4B41-B8D8-11DF8CD45C6D}.Debug|Any CPU.ActiveCfg = Debug|Any CPU
		{6032EFFE-B8AC-4B41-B8D8-11DF8CD45C6D}.Debug|Any CPU.Build.0 = Debug|Any CPU
		{6032EFFE-B8AC-4B41-B8D8-11DF8CD45C6D}.Release|Any CPU.ActiveCfg = Release|Any CPU
		{6032EFFE-B8AC-4B41-B8D8-11DF8CD45C6D}.Release|Any CPU.Build.0 = Release|Any CPU
		{5DED78FB-4BEE-411F-BB69-F0A1D052F4B7}.Debug|Any CPU.ActiveCfg = Debug|Any CPU
		{5DED78FB-4BEE-411F-BB69-F0A1D052F4B7}.Debug|Any CPU.Build.0 = Debug|Any CPU
		{5DED78FB-4BEE-411F-BB69-F0A1D052F4B7}.Release|Any CPU.ActiveCfg = Release|Any CPU
		{5DED78FB-4BEE-411F-BB69-F0A1D052F4B7}.Release|Any CPU.Build.0 = Release|Any CPU
		{4E6A0C89-7FC6-46AD-9578-54CEA6E1180D}.Debug|Any CPU.ActiveCfg = Debug|Any CPU
		{4E6A0C89-7FC6-46AD-9578-54CEA6E1180D}.Debug|Any CPU.Build.0 = Debug|Any CPU
		{4E6A0C89-7FC6-46AD-9578-54CEA6E1180D}.Release|Any CPU.ActiveCfg = Release|Any CPU
		{4E6A0C89-7FC6-46AD-9578-54CEA6E1180D}.Release|Any CPU.Build.0 = Release|Any CPU
	EndGlobalSection
	GlobalSection(SolutionProperties) = preSolution
		HideSolutionNode = FALSE
	EndGlobalSection
	GlobalSection(ExtensibilityGlobals) = postSolution
		SolutionGuid = {6D4AF491-A5FF-4567-9088-501C81D262E3}
	EndGlobalSection
EndGlobal
